{
  "requires": true,
  "lockfileVersion": 1,
  "dependencies": {
    "babel-runtime": {
      "version": "5.8.38",
      "resolved": "https://registry.npmjs.org/babel-runtime/-/babel-runtime-5.8.38.tgz",
      "integrity": "sha512-KpgoA8VE/pMmNCrnEeeXqFG24TIH11Z3ZaimIhJWsin8EbfZy3WzFKUTIan10ZIDgRVvi9EkLbruJElJC9dRlg==",
      "requires": {
        "core-js": "^1.0.0"
      }
    },
    "base-x": {
      "version": "1.1.0",
      "resolved": "https://registry.npmjs.org/base-x/-/base-x-1.1.0.tgz",
      "integrity": "sha512-c0WLeG3K5OlL4Skz2/LVdS+MjggByKhowxQpG+JpCLA48s/bGwIDyzA1naFjywtNvp/37fLK0p0FpjTNNLLUXQ=="
    },
    "bn.js": {
      "version": "3.3.0",
      "resolved": "https://registry.npmjs.org/bn.js/-/bn.js-3.3.0.tgz",
      "integrity": "sha512-wRAI2v+ylbyIJ4FTTJKWcd9RqKhmTw2O6qB+Mj+CCuK0NH4vTcJx3DdTONglMhoO0tQGRTis5wmlG6OQC+k/kA=="
    },
    "brorand": {
      "version": "1.1.0",
      "resolved": "https://registry.npmjs.org/brorand/-/brorand-1.1.0.tgz",
      "integrity": "sha512-cKV8tMCEpQs4hK/ik71d6LrPOnpkpGBR0wzxqr68g2m/LB2GxVYQroAjMJZRVM1Y4BCjCKc3vAamxSzOY2RP+w=="
    },
    "core-js": {
      "version": "1.2.7",
      "resolved": "https://registry.npmjs.org/core-js/-/core-js-1.2.7.tgz",
      "integrity": "sha512-ZiPp9pZlgxpWRu0M+YWbm6+aQ84XEfH1JRXvfOc/fILWI0VKhLC2LX13X1NYq4fULzLMq7Hfh43CSo2/aIaUPA=="
    },
    "elliptic": {
      "version": "6.5.4",
      "resolved": "https://registry.npmjs.org/elliptic/-/elliptic-6.5.4.tgz",
      "integrity": "sha512-iLhC6ULemrljPZb+QutR5TQGB+pdW6KGD5RSegS+8sorOZT+rdQFbsQFJgvN3eRqNALqJer4oQ16YvJHlU8hzQ==",
      "requires": {
        "bn.js": "^4.11.9",
        "brorand": "^1.1.0",
        "hash.js": "^1.0.0",
        "hmac-drbg": "^1.0.1",
        "inherits": "^2.0.4",
        "minimalistic-assert": "^1.0.1",
        "minimalistic-crypto-utils": "^1.0.1"
      },
      "dependencies": {
        "bn.js": {
          "version": "4.12.0",
          "resolved": "https://registry.npmjs.org/bn.js/-/bn.js-4.12.0.tgz",
          "integrity": "sha512-c98Bf3tPniI+scsdk237ku1Dc3ujXQTSgyiPUDEOe7tRkhrqridvh8klBv0HCEso1OLOYcHuCv/cS6DNxKH+ZA=="
        }
      }
    },
    "hash.js": {
      "version": "1.1.7",
      "resolved": "https://registry.npmjs.org/hash.js/-/hash.js-1.1.7.tgz",
      "integrity": "sha512-taOaskGt4z4SOANNseOviYDvjEJinIkRgmp7LbKP2YTTmVxWBl87s/uzK9r+44BclBSp2X7K1hqeNfz9JbBeXA==",
      "requires": {
        "inherits": "^2.0.3",
        "minimalistic-assert": "^1.0.1"
      }
    },
    "hmac-drbg": {
      "version": "1.0.1",
      "resolved": "https://registry.npmjs.org/hmac-drbg/-/hmac-drbg-1.0.1.tgz",
      "integrity": "sha512-Tti3gMqLdZfhOQY1Mzf/AanLiqh1WTiJgEj26ZuYQ9fbkLomzGchCws4FyrSd4VkpBfiNhaE1On+lOz894jvXg==",
      "requires": {
        "hash.js": "^1.0.3",
        "minimalistic-assert": "^1.0.0",
        "minimalistic-crypto-utils": "^1.0.1"
      }
    },
    "inherits": {
      "version": "2.0.4",
      "resolved": "https://registry.npmjs.org/inherits/-/inherits-2.0.4.tgz",
      "integrity": "sha512-k/vGaX4/Yla3WzyMCvTQOXYeIHvqOKtnqBduzTHpzpQZzAskKMhZ2K+EnBiSM9zGSoIFeMpXKxa4dYeZIQqewQ=="
    },
    "minimalistic-assert": {
      "version": "1.0.1",
      "resolved": "https://registry.npmjs.org/minimalistic-assert/-/minimalistic-assert-1.0.1.tgz",
      "integrity": "sha512-UtJcAD4yEaGtjPezWuO9wC4nwUnVH/8/Im3yEHQP4b67cXlD/Qr9hdITCU1xDbSEXg2XKNaP8jsReV7vQd00/A=="
    },
    "minimalistic-crypto-utils": {
      "version": "1.0.1",
      "resolved": "https://registry.npmjs.org/minimalistic-crypto-utils/-/minimalistic-crypto-utils-1.0.1.tgz",
      "integrity": "sha512-JIYlbt6g8i5jKfJ3xz7rF0LXmv2TkDxBLUkiBeZ7bAx4GnnNMr8xFpGnOxn6GhTEHx3SjRrZEoU+j04prX1ktg=="
    },
    "oxo-address-codec": {
      "version": "0.0.1",
      "resolved": "https://registry.npmjs.org/oxo-address-codec/-/oxo-address-codec-0.0.1.tgz",
      "integrity": "sha512-KKbr35PctWzLKCu4m7PWP4Lv5Bxa6xXe0RTe5yWU3Jnk7A39jndsrKdDLO1IbCyjIJ7/fqWKEKuvnRv7p5s3Mg==",
      "requires": {
        "hash.js": "^1.0.3",
        "oxo-x-address-codec": "^0.0.1"
      }
    },
    "oxo-keypairs": {
      "version": "0.0.1",
      "resolved": "https://registry.npmjs.org/oxo-keypairs/-/oxo-keypairs-0.0.1.tgz",
      "integrity": "sha512-P4bAjfv5VBnhWGJ3/JPq4ukz7zER+E6FaFe3LP9GXB7yMu3gRXex/yZqluakLZswHdUhRIaWUWEJq6U3KvNDhA==",
      "requires": {
        "babel-runtime": "^5.8.20",
        "bn.js": "^3.1.1",
        "brorand": "^1.0.5",
        "elliptic": "^6.4.0",
        "hash.js": "^1.0.3",
        "oxo-address-codec": "^0.0.1"
      }
    },
    "oxo-x-address-codec": {
      "version": "0.0.1",
      "resolved": "https://registry.npmjs.org/oxo-x-address-codec/-/oxo-x-address-codec-0.0.1.tgz",
      "integrity": "sha512-Cl9s+056htStRiRy3zDYwULsURWgF9W/kPa4bJANwlXJF4ef6JATARoxKDl5xFvy2BG+OhT3aneai/8zYYW1lA==",
      "requires": {
        "base-x": "^1.0.1"
      }
    },
    "qrcode-terminal": {
      "version": "0.12.0",
      "resolved": "https://registry.npmjs.org/qrcode-terminal/-/qrcode-terminal-0.12.0.tgz",
      "integrity": "sha512-EXtzRZmC+YGmGlDFbXKxQiMZNwCLEO6BANKXG4iCtSIM0yqc/pappSx3RIKr4r0uh5JsBckOXeKrB3Iz7mdQpQ=="
    }
  }
}
